
Microsoft Visual Studio Solution File, Format Version 12.00
# Visual Studio Version 16
VisualStudioVersion = 16.0.31910.168
MinimumVisualStudioVersion = 10.0.40219.1
Project("{2150E333-8FDC-42A3-9474-1A3956D46DE8}") = "01.Service", "01.Service", "{E4678CCA-0BF0-4087-B2E0-187922D6D410}"
EndProject
Project("{2150E333-8FDC-42A3-9474-1A3956D46DE8}") = "02.Infraestructure", "02.Infraestructure", "{EFF76134-7BB0-4321-A936-CEC607323120}"
EndProject
Project("{2150E333-8FDC-42A3-9474-1A3956D46DE8}") = "03.Common", "03.Common", "{0F3EF30E-0DBD-41B7-8041-67BDAF66EC21}"
EndProject
Project("{9A19103F-16F7-4668-BE54-9A1E7A4F7556}") = "Fonafe.SGI.Domain.Repository", "Fonafe.SGI.Infraestructura.Repository\Fonafe.SGI.Domain.Repository.csproj", "{AC6D3B30-A616-43AB-A778-133987B38AEE}"
EndProject
Project("{9A19103F-16F7-4668-BE54-9A1E7A4F7556}") = "Fonafe.SGI.Domain.Repository.Const", "Fonafe.SGI.Infraestructura.Const\Fonafe.SGI.Domain.Repository.Const.csproj", "{BF91824A-BB28-4FFB-94D2-47992578D18D}"
EndProject
Project("{9A19103F-16F7-4668-BE54-9A1E7A4F7556}") = "Fonafe.SGI.Common", "Fonafe.SGI.Common.Model\Fonafe.SGI.Common.csproj", "{B8ACA43C-D58F-4C39-AA81-489B1518A2EB}"
EndProject
Project("{9A19103F-16F7-4668-BE54-9A1E7A4F7556}") = "Fonafe.SGI.Domain.Service", "Fonafe.SGI.Infraestructura.Service\Fonafe.SGI.Domain.Service.csproj", "{DD37C13E-609F-4C6B-B470-EEFACD2BD4BA}"
EndProject
Project("{9A19103F-16F7-4668-BE54-9A1E7A4F7556}") = "Fonafe.SGI.Domain.Security", "Fonafe.SGI.Infraestructura.Security\Fonafe.SGI.Domain.Security.csproj", "{EC947745-660E-4CCA-8B70-569C38F7DF58}"
EndProject
Project("{9A19103F-16F7-4668-BE54-9A1E7A4F7556}") = "Fonafe.SGI.WebApi", "Fonafe.SGI.WebApi\Fonafe.SGI.WebApi.csproj", "{40FD0FFD-B38A-4C33-9EF8-97CFB6C04988}"
EndProject
Project("{9A19103F-16F7-4668-BE54-9A1E7A4F7556}") = "Fonafe.SGI.Domain.Model", "Fonafe.SGI.Domain.Model\Fonafe.SGI.Domain.Model.csproj", "{A2A23762-74EC-4BE4-9B4E-259416C3B3A2}"
EndProject
Global
	GlobalSection(SolutionConfigurationPlatforms) = preSolution
		Debug|Any CPU = Debug|Any CPU
		Release|Any CPU = Release|Any CPU
	EndGlobalSection
	GlobalSection(ProjectConfigurationPlatforms) = postSolution
		{AC6D3B30-A616-43AB-A778-133987B38AEE}.Debug|Any CPU.ActiveCfg = Debug|Any CPU
		{AC6D3B30-A616-43AB-A778-133987B38AEE}.Debug|Any CPU.Build.0 = Debug|Any CPU
		{AC6D3B30-A616-43AB-A778-133987B38AEE}.Release|Any CPU.ActiveCfg = Release|Any CPU
		{AC6D3B30-A616-43AB-A778-133987B38AEE}.Release|Any CPU.Build.0 = Release|Any CPU
		{BF91824A-BB28-4FFB-94D2-47992578D18D}.Debug|Any CPU.ActiveCfg = Debug|Any CPU
		{BF91824A-BB28-4FFB-94D2-47992578D18D}.Debug|Any CPU.Build.0 = Debug|Any CPU
		{BF91824A-BB28-4FFB-94D2-47992578D18D}.Release|Any CPU.ActiveCfg = Release|Any CPU
		{BF91824A-BB28-4FFB-94D2-47992578D18D}.Release|Any CPU.Build.0 = Release|Any CPU
		{B8ACA43C-D58F-4C39-AA81-489B1518A2EB}.Debug|Any CPU.ActiveCfg = Debug|Any CPU
		{B8ACA43C-D58F-4C39-AA81-489B1518A2EB}.Debug|Any CPU.Build.0 = Debug|Any CPU
		{B8ACA43C-D58F-4C39-AA81-489B1518A2EB}.Release|Any CPU.ActiveCfg = Release|Any CPU
		{B8ACA43C-D58F-4C39-AA81-489B1518A2EB}.Release|Any CPU.Build.0 = Release|Any CPU
		{DD37C13E-609F-4C6B-B470-EEFACD2BD4BA}.Debug|Any CPU.ActiveCfg = Debug|Any CPU
		{DD37C13E-609F-4C6B-B470-EEFACD2BD4BA}.Debug|Any CPU.Build.0 = Debug|Any CPU
		{DD37C13E-609F-4C6B-B470-EEFACD2BD4BA}.Release|Any CPU.ActiveCfg = Release|Any CPU
		{DD37C13E-609F-4C6B-B470-EEFACD2BD4BA}.Release|Any CPU.Build.0 = Release|Any CPU
		{EC947745-660E-4CCA-8B70-569C38F7DF58}.Debug|Any CPU.ActiveCfg = Debug|Any CPU
		{EC947745-660E-4CCA-8B70-569C38F7DF58}.Debug|Any CPU.Build.0 = Debug|Any CPU
		{EC947745-660E-4CCA-8B70-569C38F7DF58}.Release|Any CPU.ActiveCfg = Release|Any CPU
		{EC947745-660E-4CCA-8B70-569C38F7DF58}.Release|Any CPU.Build.0 = Release|Any CPU
		{40FD0FFD-B38A-4C33-9EF8-97CFB6C04988}.Debug|Any CPU.ActiveCfg = Debug|Any CPU
		{40FD0FFD-B38A-4C33-9EF8-97CFB6C04988}.Debug|Any CPU.Build.0 = Debug|Any CPU
		{40FD0FFD-B38A-4C33-9EF8-97CFB6C04988}.Release|Any CPU.ActiveCfg = Release|Any CPU
		{40FD0FFD-B38A-4C33-9EF8-97CFB6C04988}.Release|Any CPU.Build.0 = Release|Any CPU
		{A2A23762-74EC-4BE4-9B4E-259416C3B3A2}.Debug|Any CPU.ActiveCfg = Debug|Any CPU
		{A2A23762-74EC-4BE4-9B4E-259416C3B3A2}.Debug|Any CPU.Build.0 = Debug|Any CPU
		{A2A23762-74EC-4BE4-9B4E-259416C3B3A2}.Release|Any CPU.ActiveCfg = Release|Any CPU
		{A2A23762-74EC-4BE4-9B4E-259416C3B3A2}.Release|Any CPU.Build.0 = Release|Any CPU
	EndGlobalSection
	GlobalSection(SolutionProperties) = preSolution
		HideSolutionNode = FALSE
	EndGlobalSection
	GlobalSection(NestedProjects) = preSolution
		{AC6D3B30-A616-43AB-A778-133987B38AEE} = {EFF76134-7BB0-4321-A936-CEC607323120}
		{BF91824A-BB28-4FFB-94D2-47992578D18D} = {EFF76134-7BB0-4321-A936-CEC607323120}
		{B8ACA43C-D58F-4C39-AA81-489B1518A2EB} = {0F3EF30E-0DBD-41B7-8041-67BDAF66EC21}
		{DD37C13E-609F-4C6B-B470-EEFACD2BD4BA} = {EFF76134-7BB0-4321-A936-CEC607323120}
		{EC947745-660E-4CCA-8B70-569C38F7DF58} = {EFF76134-7BB0-4321-A936-CEC607323120}
		{40FD0FFD-B38A-4C33-9EF8-97CFB6C04988} = {E4678CCA-0BF0-4087-B2E0-187922D6D410}
		{A2A23762-74EC-4BE4-9B4E-259416C3B3A2} = {EFF76134-7BB0-4321-A936-CEC607323120}
	EndGlobalSection
	GlobalSection(ExtensibilityGlobals) = postSolution
		SolutionGuid = {665E704A-6D17-49DE-B23D-0DCEB1F18AD1}
	EndGlobalSection
	GlobalSection(TeamFoundationVersionControl) = preSolution
		SccNumberOfProjects = 8
		SccEnterpriseProvider = {4CA58AB2-18FA-4F8D-95D4-32DDF27D184C}
		SccTeamFoundationServer = https://aplicativoserver.visualstudio.com/
		SccLocalPath0 = .
		SccProjectUniqueName1 = Fonafe.SGI.Infraestructura.Repository\\Fonafe.SGI.Domain.Repository.csproj
		SccProjectTopLevelParentUniqueName1 = Fonafe.SGI.sln
		SccProjectName1 = Fonafe.SGI.Infraestructura.Repository
		SccLocalPath1 = Fonafe.SGI.Infraestructura.Repository
		SccProjectUniqueName2 = Fonafe.SGI.Infraestructura.Const\\Fonafe.SGI.Domain.Repository.Const.csproj
		SccProjectTopLevelParentUniqueName2 = Fonafe.SGI.sln
		SccProjectName2 = Fonafe.SGI.Infraestructura.Const
		SccLocalPath2 = Fonafe.SGI.Infraestructura.Const
		SccProjectUniqueName3 = Fonafe.SGI.Common.Model\\Fonafe.SGI.Common.csproj
		SccProjectTopLevelParentUniqueName3 = Fonafe.SGI.sln
		SccProjectName3 = Fonafe.SGI.Common.Model
		SccLocalPath3 = Fonafe.SGI.Common.Model
		SccProjectUniqueName4 = Fonafe.SGI.Infraestructura.Service\\Fonafe.SGI.Domain.Service.csproj
		SccProjectTopLevelParentUniqueName4 = Fonafe.SGI.sln
		SccProjectName4 = Fonafe.SGI.Infraestructura.Service
		SccLocalPath4 = Fonafe.SGI.Infraestructura.Service
		SccProjectUniqueName5 = Fonafe.SGI.Infraestructura.Security\\Fonafe.SGI.Domain.Security.csproj
		SccProjectTopLevelParentUniqueName5 = Fonafe.SGI.sln
		SccProjectName5 = Fonafe.SGI.Infraestructura.Security
		SccLocalPath5 = Fonafe.SGI.Infraestructura.Security
		SccProjectUniqueName6 = Fonafe.SGI.WebApi\\Fonafe.SGI.WebApi.csproj
		SccProjectTopLevelParentUniqueName6 = Fonafe.SGI.sln
		SccProjectName6 = Fonafe.SGI.WebApi
		SccLocalPath6 = Fonafe.SGI.WebApi
		SccProjectUniqueName7 = Fonafe.SGI.Domain.Model\\Fonafe.SGI.Domain.Model.csproj
		SccProjectTopLevelParentUniqueName7 = Fonafe.SGI.sln
		SccProjectName7 = Fonafe.SGI.Domain.Model
		SccLocalPath7 = Fonafe.SGI.Domain.Model
	EndGlobalSection
EndGlobal
